
Microsoft Visual Studio Solution File, Format Version 12.00
Project("{FAE04EC0-301F-11D3-BF4B-00C04F79EFBC}") = "Nodsoft.WowsUnpack.Api", "Nodsoft.WowsUnpack.Api\Nodsoft.WowsUnpack.Api.csproj", "{AC06F98B-03A9-4730-B801-33A168AF7C97}"
EndProject
Project("{FAE04EC0-301F-11D3-BF4B-00C04F79EFBC}") = "Nodsoft.WowsUnpack.Common", "Nodsoft.WowsUnpack.Common\Nodsoft.WowsUnpack.Common.csproj", "{5C88C83F-7BA3-4C5F-AFDC-62ED7DBCA716}"
EndProject
Project("{FAE04EC0-301F-11D3-BF4B-00C04F79EFBC}") = "Nodsoft.WowsUnpack.Common.Tests", "Nodsoft.WowsUnpack.Common.Tests\Nodsoft.WowsUnpack.Common.Tests.csproj", "{1E35732A-8A57-488B-B510-5BB971FD0038}"
EndProject
Project("{FAE04EC0-301F-11D3-BF4B-00C04F79EFBC}") = "Nodsoft.WowsUnpack.Client", "Nodsoft.WowsUnpack.Client\Nodsoft.WowsUnpack.Client.csproj", "{A1EBEC9B-4365-4050-9817-E73B0F07DBCA}"
EndProject
Project("{FAE04EC0-301F-11D3-BF4B-00C04F79EFBC}") = "Nodsoft.WowsUnpack.Client.Tests", "Nodsoft.WowsUnpack.Client.Tests\Nodsoft.WowsUnpack.Client.Tests.csproj", "{4A0A3CE2-47BD-4894-A760-3C8B5BB6E828}"
EndProject
Global
	GlobalSection(SolutionConfigurationPlatforms) = preSolution
		Debug|Any CPU = Debug|Any CPU
		Release|Any CPU = Release|Any CPU
	EndGlobalSection
	GlobalSection(ProjectConfigurationPlatforms) = postSolution
		{AC06F98B-03A9-4730-B801-33A168AF7C97}.Debug|Any CPU.ActiveCfg = Debug|Any CPU
		{AC06F98B-03A9-4730-B801-33A168AF7C97}.Debug|Any CPU.Build.0 = Debug|Any CPU
		{AC06F98B-03A9-4730-B801-33A168AF7C97}.Release|Any CPU.ActiveCfg = Release|Any CPU
		{AC06F98B-03A9-4730-B801-33A168AF7C97}.Release|Any CPU.Build.0 = Release|Any CPU
		{5C88C83F-7BA3-4C5F-AFDC-62ED7DBCA716}.Debug|Any CPU.ActiveCfg = Debug|Any CPU
		{5C88C83F-7BA3-4C5F-AFDC-62ED7DBCA716}.Debug|Any CPU.Build.0 = Debug|Any CPU
		{5C88C83F-7BA3-4C5F-AFDC-62ED7DBCA716}.Release|Any CPU.ActiveCfg = Release|Any CPU
		{5C88C83F-7BA3-4C5F-AFDC-62ED7DBCA716}.Release|Any CPU.Build.0 = Release|Any CPU
		{1E35732A-8A57-488B-B510-5BB971FD0038}.Debug|Any CPU.ActiveCfg = Debug|Any CPU
		{1E35732A-8A57-488B-B510-5BB971FD0038}.Debug|Any CPU.Build.0 = Debug|Any CPU
		{1E35732A-8A57-488B-B510-5BB971FD0038}.Release|Any CPU.ActiveCfg = Release|Any CPU
		{1E35732A-8A57-488B-B510-5BB971FD0038}.Release|Any CPU.Build.0 = Release|Any CPU
		{A1EBEC9B-4365-4050-9817-E73B0F07DBCA}.Debug|Any CPU.ActiveCfg = Debug|Any CPU
		{A1EBEC9B-4365-4050-9817-E73B0F07DBCA}.Debug|Any CPU.Build.0 = Debug|Any CPU
		{A1EBEC9B-4365-4050-9817-E73B0F07DBCA}.Release|Any CPU.ActiveCfg = Release|Any CPU
		{A1EBEC9B-4365-4050-9817-E73B0F07DBCA}.Release|Any CPU.Build.0 = Release|Any CPU
		{4A0A3CE2-47BD-4894-A760-3C8B5BB6E828}.Debug|Any CPU.ActiveCfg = Debug|Any CPU
		{4A0A3CE2-47BD-4894-A760-3C8B5BB6E828}.Debug|Any CPU.Build.0 = Debug|Any CPU
		{4A0A3CE2-47BD-4894-A760-3C8B5BB6E828}.Release|Any CPU.ActiveCfg = Release|Any CPU
		{4A0A3CE2-47BD-4894-A760-3C8B5BB6E828}.Release|Any CPU.Build.0 = Release|Any CPU
	EndGlobalSection
EndGlobal
